
Microsoft Visual Studio Solution File, Format Version 12.00
# Visual Studio 14
VisualStudioVersion = 14.0.25420.1
MinimumVisualStudioVersion = 10.0.40219.1
Project("{FAE04EC0-301F-11D3-BF4B-00C04F79EFBC}") = "tekusweb", "tekusweb\tekusweb.csproj", "{7D393C68-EE93-4E90-A3F1-E950F155AA7C}"
EndProject
Project("{FAE04EC0-301F-11D3-BF4B-00C04F79EFBC}") = "Model", "Model\Model.csproj", "{792F9328-114F-46A2-9FBD-CBD5A274A053}"
EndProject
Global
	GlobalSection(SolutionConfigurationPlatforms) = preSolution
		Debug|Any CPU = Debug|Any CPU
		Release|Any CPU = Release|Any CPU
	EndGlobalSection
	GlobalSection(ProjectConfigurationPlatforms) = postSolution
		{7D393C68-EE93-4E90-A3F1-E950F155AA7C}.Debug|Any CPU.ActiveCfg = Debug|Any CPU
		{7D393C68-EE93-4E90-A3F1-E950F155AA7C}.Debug|Any CPU.Build.0 = Debug|Any CPU
		{7D393C68-EE93-4E90-A3F1-E950F155AA7C}.Release|Any CPU.ActiveCfg = Release|Any CPU
		{7D393C68-EE93-4E90-A3F1-E950F155AA7C}.Release|Any CPU.Build.0 = Release|Any CPU
		{792F9328-114F-46A2-9FBD-CBD5A274A053}.Debug|Any CPU.ActiveCfg = Debug|Any CPU
		{792F9328-114F-46A2-9FBD-CBD5A274A053}.Debug|Any CPU.Build.0 = Debug|Any CPU
		{792F9328-114F-46A2-9FBD-CBD5A274A053}.Release|Any CPU.ActiveCfg = Release|Any CPU
		{792F9328-114F-46A2-9FBD-CBD5A274A053}.Release|Any CPU.Build.0 = Release|Any CPU
	EndGlobalSection
	GlobalSection(SolutionProperties) = preSolution
		HideSolutionNode = FALSE
	EndGlobalSection
EndGlobal
